
Microsoft Visual Studio Solution File, Format Version 12.00
Project("{FAE04EC0-301F-11D3-BF4B-00C04F79EFBC}") = "ItemEnabledStateApp", "ItemEnabledStateApp\ItemEnabledStateApp.csproj", "{14DA7993-923B-4D85-ACE6-C0033A648A50}"
EndProject
Global
	GlobalSection(SolutionConfigurationPlatforms) = preSolution
		Debug|Any CPU = Debug|Any CPU
		Release|Any CPU = Release|Any CPU
	EndGlobalSection
	GlobalSection(ProjectConfigurationPlatforms) = postSolution
		{14DA7993-923B-4D85-ACE6-C0033A648A50}.Debug|Any CPU.ActiveCfg = Debug|Any CPU
		{14DA7993-923B-4D85-ACE6-C0033A648A50}.Debug|Any CPU.Build.0 = Debug|Any CPU
		{14DA7993-923B-4D85-ACE6-C0033A648A50}.Release|Any CPU.ActiveCfg = Release|Any CPU
		{14DA7993-923B-4D85-ACE6-C0033A648A50}.Release|Any CPU.Build.0 = Release|Any CPU
	EndGlobalSection
EndGlobal
